
Microsoft Visual Studio Solution File, Format Version 12.00
Project("{FAE04EC0-301F-11D3-BF4B-00C04F79EFBC}") = "QwQ Music", "QwQ Music\QwQ Music.csproj", "{46C4069F-45E7-420C-B8EB-14D77265F6D6}"
EndProject
Project("{FAE04EC0-301F-11D3-BF4B-00C04F79EFBC}") = "QwQ.Generators", "QwQ.Generators\QwQ.Generators.csproj", "{AAA1B2CD-13CF-4D15-98AE-34A4903459D5}"
EndProject
Global
	GlobalSection(SolutionConfigurationPlatforms) = preSolution
		Debug|Any CPU = Debug|Any CPU
		Release|Any CPU = Release|Any CPU
	EndGlobalSection
	GlobalSection(ProjectConfigurationPlatforms) = postSolution
		{46C4069F-45E7-420C-B8EB-14D77265F6D6}.Debug|Any CPU.ActiveCfg = Debug|Any CPU
		{46C4069F-45E7-420C-B8EB-14D77265F6D6}.Debug|Any CPU.Build.0 = Debug|Any CPU
		{46C4069F-45E7-420C-B8EB-14D77265F6D6}.Release|Any CPU.ActiveCfg = Release|Any CPU
		{46C4069F-45E7-420C-B8EB-14D77265F6D6}.Release|Any CPU.Build.0 = Release|Any CPU
		{AAA1B2CD-13CF-4D15-98AE-34A4903459D5}.Debug|Any CPU.ActiveCfg = Debug|Any CPU
		{AAA1B2CD-13CF-4D15-98AE-34A4903459D5}.Debug|Any CPU.Build.0 = Debug|Any CPU
		{AAA1B2CD-13CF-4D15-98AE-34A4903459D5}.Release|Any CPU.ActiveCfg = Release|Any CPU
		{AAA1B2CD-13CF-4D15-98AE-34A4903459D5}.Release|Any CPU.Build.0 = Release|Any CPU
	EndGlobalSection
EndGlobal
