
Microsoft Visual Studio Solution File, Format Version 12.00
Project("{FAE04EC0-301F-11D3-BF4B-00C04F79EFBC}") = "QwQ Music", "QwQ Music\QwQ Music.csproj", "{46C4069F-45E7-420C-B8EB-14D77265F6D6}"
EndProject
Project("{FAE04EC0-301F-11D3-BF4B-00C04F79EFBC}") = "SoundFlow", "SoundFlow\SoundFlow.csproj", "{1CB02449-0FB7-41B7-B88F-E63349155BEB}"
EndProject
Project("{FAE04EC0-301F-11D3-BF4B-00C04F79EFBC}") = "Impressionist", "Impressionist\Impressionist.csproj", "{42AE5625-3356-4597-8495-C81125D3D6D3}"
EndProject
Project("{FAE04EC0-301F-11D3-BF4B-00C04F79EFBC}") = "NcmdumpCSharp", "NcmdumpCSharp\NcmdumpCSharp\NcmdumpCSharp.csproj", "{944E78E2-BF53-4F47-A263-E4D293705D79}"
EndProject
Global
	GlobalSection(SolutionConfigurationPlatforms) = preSolution
		Debug|Any CPU = Debug|Any CPU
		Release|Any CPU = Release|Any CPU
	EndGlobalSection
	GlobalSection(ProjectConfigurationPlatforms) = postSolution
		{46C4069F-45E7-420C-B8EB-14D77265F6D6}.Debug|Any CPU.ActiveCfg = Debug|Any CPU
		{46C4069F-45E7-420C-B8EB-14D77265F6D6}.Debug|Any CPU.Build.0 = Debug|Any CPU
		{46C4069F-45E7-420C-B8EB-14D77265F6D6}.Release|Any CPU.ActiveCfg = Release|Any CPU
		{46C4069F-45E7-420C-B8EB-14D77265F6D6}.Release|Any CPU.Build.0 = Release|Any CPU
		{1CB02449-0FB7-41B7-B88F-E63349155BEB}.Debug|Any CPU.ActiveCfg = Debug|Any CPU
		{1CB02449-0FB7-41B7-B88F-E63349155BEB}.Debug|Any CPU.Build.0 = Debug|Any CPU
		{1CB02449-0FB7-41B7-B88F-E63349155BEB}.Release|Any CPU.ActiveCfg = Release|Any CPU
		{1CB02449-0FB7-41B7-B88F-E63349155BEB}.Release|Any CPU.Build.0 = Release|Any CPU
		{42AE5625-3356-4597-8495-C81125D3D6D3}.Debug|Any CPU.ActiveCfg = Debug|Any CPU
		{42AE5625-3356-4597-8495-C81125D3D6D3}.Debug|Any CPU.Build.0 = Debug|Any CPU
		{42AE5625-3356-4597-8495-C81125D3D6D3}.Release|Any CPU.ActiveCfg = Release|Any CPU
		{42AE5625-3356-4597-8495-C81125D3D6D3}.Release|Any CPU.Build.0 = Release|Any CPU
		{944E78E2-BF53-4F47-A263-E4D293705D79}.Debug|Any CPU.ActiveCfg = Debug|Any CPU
		{944E78E2-BF53-4F47-A263-E4D293705D79}.Debug|Any CPU.Build.0 = Debug|Any CPU
		{944E78E2-BF53-4F47-A263-E4D293705D79}.Release|Any CPU.ActiveCfg = Release|Any CPU
		{944E78E2-BF53-4F47-A263-E4D293705D79}.Release|Any CPU.Build.0 = Release|Any CPU
	EndGlobalSection
EndGlobal
